
Microsoft Visual Studio Solution File, Format Version 12.00
# Visual Studio Version 17
VisualStudioVersion = 17.14.36717.8 d17.14
MinimumVisualStudioVersion = 10.0.40219.1
Project("{FAE04EC0-301F-11D3-BF4B-00C04F79EFBC}") = "ExpensesTracker", "ExpensesTracker.csproj", "{854CF2FC-0E3B-4E0A-AC2D-941A0F410256}"
EndProject
Global
	GlobalSection(SolutionConfigurationPlatforms) = preSolution
		Debug|Any CPU = Debug|Any CPU
		Release|Any CPU = Release|Any CPU
	EndGlobalSection
	GlobalSection(ProjectConfigurationPlatforms) = postSolution
		{854CF2FC-0E3B-4E0A-AC2D-941A0F410256}.Debug|Any CPU.ActiveCfg = Debug|Any CPU
		{854CF2FC-0E3B-4E0A-AC2D-941A0F410256}.Debug|Any CPU.Build.0 = Debug|Any CPU
		{854CF2FC-0E3B-4E0A-AC2D-941A0F410256}.Release|Any CPU.ActiveCfg = Release|Any CPU
		{854CF2FC-0E3B-4E0A-AC2D-941A0F410256}.Release|Any CPU.Build.0 = Release|Any CPU
	EndGlobalSection
	GlobalSection(SolutionProperties) = preSolution
		HideSolutionNode = FALSE
	EndGlobalSection
	GlobalSection(ExtensibilityGlobals) = postSolution
		SolutionGuid = {04A3FAD5-9FA4-44B4-B3C8-2AD7A54F808A}
	EndGlobalSection
EndGlobal
